// !$*UTF8*$!
{
	archiveVersion = 1;
	classes = {
	};
	objectVersion = 46;
	objects = {

/* Begin PBXBuildFile section */
		66980843D82568840D0625B5 /* libPods-supereye_ios.a in Frameworks */ = {isa = PBXBuildFile; fileRef = E9C4FCD48F5779C85C1698D9 /* libPods-supereye_ios.a */; };
		AD3A169D1C6DA3A8008B4CCB /* libz.tbd in Frameworks */ = {isa = PBXBuildFile; fileRef = AD3A169C1C6DA3A8008B4CCB /* libz.tbd */; };
		AD5C705A1C69C25600C59701 /* CustomOverlayViewController.swift in Sources */ = {isa = PBXBuildFile; fileRef = AD5C70581C69C25600C59701 /* CustomOverlayViewController.swift */; };
		AD5C705B1C69C25600C59701 /* CustomOverlayViewController.xib in Resources */ = {isa = PBXBuildFile; fileRef = AD5C70591C69C25600C59701 /* CustomOverlayViewController.xib */; };
		AD5C705D1C69C26A00C59701 /* CustomOverlayView.swift in Sources */ = {isa = PBXBuildFile; fileRef = AD5C705C1C69C26A00C59701 /* CustomOverlayView.swift */; };
		AD84EB831C72F63A00A49CDB /* DaumSpeech.framework in Frameworks */ = {isa = PBXBuildFile; fileRef = AD84EB7F1C72F63A00A49CDB /* DaumSpeech.framework */; };
		AD84EB841C72F63A00A49CDB /* DaumSpeechResources.bundle in Resources */ = {isa = PBXBuildFile; fileRef = AD84EB811C72F63A00A49CDB /* DaumSpeechResources.bundle */; };
		AD84EB851C72F63A00A49CDB /* SpeechRecognizerDefault.strings in Resources */ = {isa = PBXBuildFile; fileRef = AD84EB821C72F63A00A49CDB /* SpeechRecognizerDefault.strings */; };
		AD84EB891C72F85A00A49CDB /* MediaPlayer.framework in Frameworks */ = {isa = PBXBuildFile; fileRef = AD84EB881C72F85A00A49CDB /* MediaPlayer.framework */; };
		AD84EB8B1C72F86B00A49CDB /* QuartzCore.framework in Frameworks */ = {isa = PBXBuildFile; fileRef = AD84EB8A1C72F86B00A49CDB /* QuartzCore.framework */; };
		AD84EB8D1C72F87700A49CDB /* SystemConfiguration.framework in Frameworks */ = {isa = PBXBuildFile; fileRef = AD84EB8C1C72F87700A49CDB /* SystemConfiguration.framework */; };
		AD84EB8F1C72F88000A49CDB /* AVFoundation.framework in Frameworks */ = {isa = PBXBuildFile; fileRef = AD84EB8E1C72F88000A49CDB /* AVFoundation.framework */; };
		AD84EB911C72F88900A49CDB /* AudioToolbox.framework in Frameworks */ = {isa = PBXBuildFile; fileRef = AD84EB901C72F88900A49CDB /* AudioToolbox.framework */; };
		AD84EB931C72F89200A49CDB /* UIKit.framework in Frameworks */ = {isa = PBXBuildFile; fileRef = AD84EB921C72F89200A49CDB /* UIKit.framework */; };
		AD84EB951C72F89B00A49CDB /* Foundation.framework in Frameworks */ = {isa = PBXBuildFile; fileRef = AD84EB941C72F89B00A49CDB /* Foundation.framework */; };
		ADD1500A1C7339BE0058B04C /* CoreGraphics.framework in Frameworks */ = {isa = PBXBuildFile; fileRef = ADD150091C7339BE0058B04C /* CoreGraphics.framework */; };
		ADE1BA2F1C673AF90094FC1A /* AppDelegate.swift in Sources */ = {isa = PBXBuildFile; fileRef = ADE1BA2E1C673AF90094FC1A /* AppDelegate.swift */; };
		ADE1BA341C673AF90094FC1A /* Main.storyboard in Resources */ = {isa = PBXBuildFile; fileRef = ADE1BA321C673AF90094FC1A /* Main.storyboard */; };
		ADE1BA361C673AF90094FC1A /* Assets.xcassets in Resources */ = {isa = PBXBuildFile; fileRef = ADE1BA351C673AF90094FC1A /* Assets.xcassets */; };
		ADE1BA391C673AF90094FC1A /* LaunchScreen.storyboard in Resources */ = {isa = PBXBuildFile; fileRef = ADE1BA371C673AF90094FC1A /* LaunchScreen.storyboard */; };
		ADE1BA441C673AF90094FC1A /* supereye_iosTests.swift in Sources */ = {isa = PBXBuildFile; fileRef = ADE1BA431C673AF90094FC1A /* supereye_iosTests.swift */; };
		ADE1BA4F1C673AF90094FC1A /* supereye_iosUITests.swift in Sources */ = {isa = PBXBuildFile; fileRef = ADE1BA4E1C673AF90094FC1A /* supereye_iosUITests.swift */; };
		ADE1BA5F1C673C170094FC1A /* SunViewController.swift in Sources */ = {isa = PBXBuildFile; fileRef = ADE1BA5E1C673C170094FC1A /* SunViewController.swift */; };
		ADE1BA611C673C3E0094FC1A /* MainViewController.swift in Sources */ = {isa = PBXBuildFile; fileRef = ADE1BA601C673C3E0094FC1A /* MainViewController.swift */; };
		ADF057F81C6C9CF300F9624F /* tessdata in Resources */ = {isa = PBXBuildFile; fileRef = ADF057F71C6C9CF300F9624F /* tessdata */; };
/* End PBXBuildFile section */

/* Begin PBXContainerItemProxy section */
		ADE1BA401C673AF90094FC1A /* PBXContainerItemProxy */ = {
			isa = PBXContainerItemProxy;
			containerPortal = ADE1BA231C673AF90094FC1A /* Project object */;
			proxyType = 1;
			remoteGlobalIDString = ADE1BA2A1C673AF90094FC1A;
			remoteInfo = supereye_ios;
		};
		ADE1BA4B1C673AF90094FC1A /* PBXContainerItemProxy */ = {
			isa = PBXContainerItemProxy;
			containerPortal = ADE1BA231C673AF90094FC1A /* Project object */;
			proxyType = 1;
			remoteGlobalIDString = ADE1BA2A1C673AF90094FC1A;
			remoteInfo = supereye_ios;
		};
/* End PBXContainerItemProxy section */

/* Begin PBXFileReference section */
		3312B628EB4AE1F5D6BC57A5 /* Pods-supereye_ios.release.xcconfig */ = {isa = PBXFileReference; includeInIndex = 1; lastKnownFileType = text.xcconfig; name = "Pods-supereye_ios.release.xcconfig"; path = "Pods/Target Support Files/Pods-supereye_ios/Pods-supereye_ios.release.xcconfig"; sourceTree = "<group>"; };
		AD3A169C1C6DA3A8008B4CCB /* libz.tbd */ = {isa = PBXFileReference; lastKnownFileType = "sourcecode.text-based-dylib-definition"; name = libz.tbd; path = usr/lib/libz.tbd; sourceTree = SDKROOT; };
		AD5C70581C69C25600C59701 /* CustomOverlayViewController.swift */ = {isa = PBXFileReference; fileEncoding = 4; lastKnownFileType = sourcecode.swift; path = CustomOverlayViewController.swift; sourceTree = "<group>"; };
		AD5C70591C69C25600C59701 /* CustomOverlayViewController.xib */ = {isa = PBXFileReference; fileEncoding = 4; lastKnownFileType = file.xib; path = CustomOverlayViewController.xib; sourceTree = "<group>"; };
		AD5C705C1C69C26A00C59701 /* CustomOverlayView.swift */ = {isa = PBXFileReference; fileEncoding = 4; lastKnownFileType = sourcecode.swift; path = CustomOverlayView.swift; sourceTree = "<group>"; };
		AD72716F1C6DA927002A0B69 /* Supereye-Bridging-Header.h */ = {isa = PBXFileReference; fileEncoding = 4; lastKnownFileType = sourcecode.c.h; path = "Supereye-Bridging-Header.h"; sourceTree = "<group>"; };
		AD84EB7F1C72F63A00A49CDB /* DaumSpeech.framework */ = {isa = PBXFileReference; lastKnownFileType = wrapper.framework; path = DaumSpeech.framework; sourceTree = "<group>"; };
		AD84EB811C72F63A00A49CDB /* DaumSpeechResources.bundle */ = {isa = PBXFileReference; lastKnownFileType = "wrapper.plug-in"; path = DaumSpeechResources.bundle; sourceTree = "<group>"; };
		AD84EB821C72F63A00A49CDB /* SpeechRecognizerDefault.strings */ = {isa = PBXFileReference; fileEncoding = 4; lastKnownFileType = text.plist.strings; path = SpeechRecognizerDefault.strings; sourceTree = "<group>"; };
		AD84EB881C72F85A00A49CDB /* MediaPlayer.framework */ = {isa = PBXFileReference; lastKnownFileType = wrapper.framework; name = MediaPlayer.framework; path = System/Library/Frameworks/MediaPlayer.framework; sourceTree = SDKROOT; };
		AD84EB8A1C72F86B00A49CDB /* QuartzCore.framework */ = {isa = PBXFileReference; lastKnownFileType = wrapper.framework; name = QuartzCore.framework; path = System/Library/Frameworks/QuartzCore.framework; sourceTree = SDKROOT; };
		AD84EB8C1C72F87700A49CDB /* SystemConfiguration.framework */ = {isa = PBXFileReference; lastKnownFileType = wrapper.framework; name = SystemConfiguration.framework; path = System/Library/Frameworks/SystemConfiguration.framework; sourceTree = SDKROOT; };
		AD84EB8E1C72F88000A49CDB /* AVFoundation.framework */ = {isa = PBXFileReference; lastKnownFileType = wrapper.framework; name = AVFoundation.framework; path = System/Library/Frameworks/AVFoundation.framework; sourceTree = SDKROOT; };
		AD84EB901C72F88900A49CDB /* AudioToolbox.framework */ = {isa = PBXFileReference; lastKnownFileType = wrapper.framework; name = AudioToolbox.framework; path = System/Library/Frameworks/AudioToolbox.framework; sourceTree = SDKROOT; };
		AD84EB921C72F89200A49CDB /* UIKit.framework */ = {isa = PBXFileReference; lastKnownFileType = wrapper.framework; name = UIKit.framework; path = System/Library/Frameworks/UIKit.framework; sourceTree = SDKROOT; };
		AD84EB941C72F89B00A49CDB /* Foundation.framework */ = {isa = PBXFileReference; lastKnownFileType = wrapper.framework; name = Foundation.framework; path = System/Library/Frameworks/Foundation.framework; sourceTree = SDKROOT; };
		ADD150091C7339BE0058B04C /* CoreGraphics.framework */ = {isa = PBXFileReference; lastKnownFileType = wrapper.framework; name = CoreGraphics.framework; path = System/Library/Frameworks/CoreGraphics.framework; sourceTree = SDKROOT; };
		ADE1BA2B1C673AF90094FC1A /* supereye_ios.app */ = {isa = PBXFileReference; explicitFileType = wrapper.application; includeInIndex = 0; path = supereye_ios.app; sourceTree = BUILT_PRODUCTS_DIR; };
		ADE1BA2E1C673AF90094FC1A /* AppDelegate.swift */ = {isa = PBXFileReference; lastKnownFileType = sourcecode.swift; path = AppDelegate.swift; sourceTree = "<group>"; };
		ADE1BA331C673AF90094FC1A /* Base */ = {isa = PBXFileReference; lastKnownFileType = file.storyboard; name = Base; path = Base.lproj/Main.storyboard; sourceTree = "<group>"; };
		ADE1BA351C673AF90094FC1A /* Assets.xcassets */ = {isa = PBXFileReference; lastKnownFileType = folder.assetcatalog; path = Assets.xcassets; sourceTree = "<group>"; };
		ADE1BA381C673AF90094FC1A /* Base */ = {isa = PBXFileReference; lastKnownFileType = file.storyboard; name = Base; path = Base.lproj/LaunchScreen.storyboard; sourceTree = "<group>"; };
		ADE1BA3A1C673AF90094FC1A /* Info.plist */ = {isa = PBXFileReference; lastKnownFileType = text.plist.xml; path = Info.plist; sourceTree = "<group>"; };
		ADE1BA3F1C673AF90094FC1A /* supereye_iosTests.xctest */ = {isa = PBXFileReference; explicitFileType = wrapper.cfbundle; includeInIndex = 0; path = supereye_iosTests.xctest; sourceTree = BUILT_PRODUCTS_DIR; };
		ADE1BA431C673AF90094FC1A /* supereye_iosTests.swift */ = {isa = PBXFileReference; lastKnownFileType = sourcecode.swift; path = supereye_iosTests.swift; sourceTree = "<group>"; };
		ADE1BA451C673AF90094FC1A /* Info.plist */ = {isa = PBXFileReference; lastKnownFileType = text.plist.xml; path = Info.plist; sourceTree = "<group>"; };
		ADE1BA4A1C673AF90094FC1A /* supereye_iosUITests.xctest */ = {isa = PBXFileReference; explicitFileType = wrapper.cfbundle; includeInIndex = 0; path = supereye_iosUITests.xctest; sourceTree = BUILT_PRODUCTS_DIR; };
		ADE1BA4E1C673AF90094FC1A /* supereye_iosUITests.swift */ = {isa = PBXFileReference; lastKnownFileType = sourcecode.swift; path = supereye_iosUITests.swift; sourceTree = "<group>"; };
		ADE1BA501C673AF90094FC1A /* Info.plist */ = {isa = PBXFileReference; lastKnownFileType = text.plist.xml; path = Info.plist; sourceTree = "<group>"; };
		ADE1BA5E1C673C170094FC1A /* SunViewController.swift */ = {isa = PBXFileReference; fileEncoding = 4; lastKnownFileType = sourcecode.swift; path = SunViewController.swift; sourceTree = "<group>"; };
		ADE1BA601C673C3E0094FC1A /* MainViewController.swift */ = {isa = PBXFileReference; fileEncoding = 4; lastKnownFileType = sourcecode.swift; path = MainViewController.swift; sourceTree = "<group>"; };
		ADF057F71C6C9CF300F9624F /* tessdata */ = {isa = PBXFileReference; lastKnownFileType = folder; path = tessdata; sourceTree = "<group>"; };
		C3E617E873032D53E29A8561 /* Pods-supereye_ios.debug.xcconfig */ = {isa = PBXFileReference; includeInIndex = 1; lastKnownFileType = text.xcconfig; name = "Pods-supereye_ios.debug.xcconfig"; path = "Pods/Target Support Files/Pods-supereye_ios/Pods-supereye_ios.debug.xcconfig"; sourceTree = "<group>"; };
		E9C4FCD48F5779C85C1698D9 /* libPods-supereye_ios.a */ = {isa = PBXFileReference; explicitFileType = archive.ar; includeInIndex = 0; path = "libPods-supereye_ios.a"; sourceTree = BUILT_PRODUCTS_DIR; };
/* End PBXFileReference section */

/* Begin PBXFrameworksBuildPhase section */
		ADE1BA281C673AF90094FC1A /* Frameworks */ = {
			isa = PBXFrameworksBuildPhase;
			buildActionMask = 2147483647;
			files = (
				ADD1500A1C7339BE0058B04C /* CoreGraphics.framework in Frameworks */,
				AD84EB951C72F89B00A49CDB /* Foundation.framework in Frameworks */,
				AD84EB931C72F89200A49CDB /* UIKit.framework in Frameworks */,
				AD84EB911C72F88900A49CDB /* AudioToolbox.framework in Frameworks */,
				AD84EB8F1C72F88000A49CDB /* AVFoundation.framework in Frameworks */,
				AD84EB8D1C72F87700A49CDB /* SystemConfiguration.framework in Frameworks */,
				AD84EB8B1C72F86B00A49CDB /* QuartzCore.framework in Frameworks */,
				AD84EB891C72F85A00A49CDB /* MediaPlayer.framework in Frameworks */,
				AD84EB831C72F63A00A49CDB /* DaumSpeech.framework in Frameworks */,
				AD3A169D1C6DA3A8008B4CCB /* libz.tbd in Frameworks */,
				66980843D82568840D0625B5 /* libPods-supereye_ios.a in Frameworks */,
			);
			runOnlyForDeploymentPostprocessing = 0;
		};
		ADE1BA3C1C673AF90094FC1A /* Frameworks */ = {
			isa = PBXFrameworksBuildPhase;
			buildActionMask = 2147483647;
			files = (
			);
			runOnlyForDeploymentPostprocessing = 0;
		};
		ADE1BA471C673AF90094FC1A /* Frameworks */ = {
			isa = PBXFrameworksBuildPhase;
			buildActionMask = 2147483647;
			files = (
			);
			runOnlyForDeploymentPostprocessing = 0;
		};
/* End PBXFrameworksBuildPhase section */

/* Begin PBXGroup section */
		AD84EB7E1C72F63A00A49CDB /* DaumSpeech.embeddedframework */ = {
			isa = PBXGroup;
			children = (
				AD84EB7F1C72F63A00A49CDB /* DaumSpeech.framework */,
				AD84EB801C72F63A00A49CDB /* Resources */,
			);
			name = DaumSpeech.embeddedframework;
			path = ../DaumSpeech.embeddedframework;
			sourceTree = "<group>";
		};
		AD84EB801C72F63A00A49CDB /* Resources */ = {
			isa = PBXGroup;
			children = (
				AD84EB811C72F63A00A49CDB /* DaumSpeechResources.bundle */,
				AD84EB821C72F63A00A49CDB /* SpeechRecognizerDefault.strings */,
			);
			path = Resources;
			sourceTree = "<group>";
		};
		ADE1BA221C673AF90094FC1A = {
			isa = PBXGroup;
			children = (
				ADE1BA2D1C673AF90094FC1A /* supereye_ios */,
				ADE1BA421C673AF90094FC1A /* supereye_iosTests */,
				ADE1BA4D1C673AF90094FC1A /* supereye_iosUITests */,
				ADE1BA2C1C673AF90094FC1A /* Products */,
				C5C94FB0D0FD527C3C258265 /* Pods */,
				EE388A10C275E001355485B5 /* Frameworks */,
			);
			sourceTree = "<group>";
		};
		ADE1BA2C1C673AF90094FC1A /* Products */ = {
			isa = PBXGroup;
			children = (
				ADE1BA2B1C673AF90094FC1A /* supereye_ios.app */,
				ADE1BA3F1C673AF90094FC1A /* supereye_iosTests.xctest */,
				ADE1BA4A1C673AF90094FC1A /* supereye_iosUITests.xctest */,
			);
			name = Products;
			sourceTree = "<group>";
		};
		ADE1BA2D1C673AF90094FC1A /* supereye_ios */ = {
			isa = PBXGroup;
			children = (
				AD84EB7E1C72F63A00A49CDB /* DaumSpeech.embeddedframework */,
				AD72716F1C6DA927002A0B69 /* Supereye-Bridging-Header.h */,
				ADF057F71C6C9CF300F9624F /* tessdata */,
				ADE1BA5D1C673B8F0094FC1A /* Main */,
				ADE1BA2E1C673AF90094FC1A /* AppDelegate.swift */,
				ADE1BA351C673AF90094FC1A /* Assets.xcassets */,
				ADE1BA371C673AF90094FC1A /* LaunchScreen.storyboard */,
				ADE1BA3A1C673AF90094FC1A /* Info.plist */,
			);
			path = supereye_ios;
			sourceTree = "<group>";
		};
		ADE1BA421C673AF90094FC1A /* supereye_iosTests */ = {
			isa = PBXGroup;
			children = (
				ADE1BA431C673AF90094FC1A /* supereye_iosTests.swift */,
				ADE1BA451C673AF90094FC1A /* Info.plist */,
			);
			path = supereye_iosTests;
			sourceTree = "<group>";
		};
		ADE1BA4D1C673AF90094FC1A /* supereye_iosUITests */ = {
			isa = PBXGroup;
			children = (
				ADE1BA4E1C673AF90094FC1A /* supereye_iosUITests.swift */,
				ADE1BA501C673AF90094FC1A /* Info.plist */,
			);
			path = supereye_iosUITests;
			sourceTree = "<group>";
		};
		ADE1BA5D1C673B8F0094FC1A /* Main */ = {
			isa = PBXGroup;
			children = (
				ADE1BA321C673AF90094FC1A /* Main.storyboard */,
				ADE1BA601C673C3E0094FC1A /* MainViewController.swift */,
				AD5C70581C69C25600C59701 /* CustomOverlayViewController.swift */,
				AD5C70591C69C25600C59701 /* CustomOverlayViewController.xib */,
				AD5C705C1C69C26A00C59701 /* CustomOverlayView.swift */,
				ADE1BA5E1C673C170094FC1A /* SunViewController.swift */,
			);
			path = Main;
			sourceTree = "<group>";
		};
		C5C94FB0D0FD527C3C258265 /* Pods */ = {
			isa = PBXGroup;
			children = (
				C3E617E873032D53E29A8561 /* Pods-supereye_ios.debug.xcconfig */,
				3312B628EB4AE1F5D6BC57A5 /* Pods-supereye_ios.release.xcconfig */,
			);
			name = Pods;
			sourceTree = "<group>";
		};
		EE388A10C275E001355485B5 /* Frameworks */ = {
			isa = PBXGroup;
			children = (
				ADD150091C7339BE0058B04C /* CoreGraphics.framework */,
				AD84EB941C72F89B00A49CDB /* Foundation.framework */,
				AD84EB921C72F89200A49CDB /* UIKit.framework */,
				AD84EB901C72F88900A49CDB /* AudioToolbox.framework */,
				AD84EB8E1C72F88000A49CDB /* AVFoundation.framework */,
				AD84EB8C1C72F87700A49CDB /* SystemConfiguration.framework */,
				AD84EB8A1C72F86B00A49CDB /* QuartzCore.framework */,
				AD84EB881C72F85A00A49CDB /* MediaPlayer.framework */,
				AD3A169C1C6DA3A8008B4CCB /* libz.tbd */,
				E9C4FCD48F5779C85C1698D9 /* libPods-supereye_ios.a */,
			);
			name = Frameworks;
			sourceTree = "<group>";
		};
/* End PBXGroup section */

/* Begin PBXNativeTarget section */
		ADE1BA2A1C673AF90094FC1A /* supereye_ios */ = {
			isa = PBXNativeTarget;
			buildConfigurationList = ADE1BA531C673AF90094FC1A /* Build configuration list for PBXNativeTarget "supereye_ios" */;
			buildPhases = (
				D04D370D5B95B305DDEEC46B /* Check Pods Manifest.lock */,
				ADE1BA271C673AF90094FC1A /* Sources */,
				ADE1BA281C673AF90094FC1A /* Frameworks */,
				ADE1BA291C673AF90094FC1A /* Resources */,
				55228B6882994AA1E2022C3A /* Embed Pods Frameworks */,
				FBB93E73AA1B102EBCC51E98 /* Copy Pods Resources */,
			);
			buildRules = (
			);
			dependencies = (
			);
			name = supereye_ios;
			productName = supereye_ios;
			productReference = ADE1BA2B1C673AF90094FC1A /* supereye_ios.app */;
			productType = "com.apple.product-type.application";
		};
		ADE1BA3E1C673AF90094FC1A /* supereye_iosTests */ = {
			isa = PBXNativeTarget;
			buildConfigurationList = ADE1BA561C673AF90094FC1A /* Build configuration list for PBXNativeTarget "supereye_iosTests" */;
			buildPhases = (
				ADE1BA3B1C673AF90094FC1A /* Sources */,
				ADE1BA3C1C673AF90094FC1A /* Frameworks */,
				ADE1BA3D1C673AF90094FC1A /* Resources */,
			);
			buildRules = (
			);
			dependencies = (
				ADE1BA411C673AF90094FC1A /* PBXTargetDependency */,
			);
			name = supereye_iosTests;
			productName = supereye_iosTests;
			productReference = ADE1BA3F1C673AF90094FC1A /* supereye_iosTests.xctest */;
			productType = "com.apple.product-type.bundle.unit-test";
		};
		ADE1BA491C673AF90094FC1A /* supereye_iosUITests */ = {
			isa = PBXNativeTarget;
			buildConfigurationList = ADE1BA591C673AF90094FC1A /* Build configuration list for PBXNativeTarget "supereye_iosUITests" */;
			buildPhases = (
				ADE1BA461C673AF90094FC1A /* Sources */,
				ADE1BA471C673AF90094FC1A /* Frameworks */,
				ADE1BA481C673AF90094FC1A /* Resources */,
			);
			buildRules = (
			);
			dependencies = (
				ADE1BA4C1C673AF90094FC1A /* PBXTargetDependency */,
			);
			name = supereye_iosUITests;
			productName = supereye_iosUITests;
			productReference = ADE1BA4A1C673AF90094FC1A /* supereye_iosUITests.xctest */;
			productType = "com.apple.product-type.bundle.ui-testing";
		};
/* End PBXNativeTarget section */

/* Begin PBXProject section */
		ADE1BA231C673AF90094FC1A /* Project object */ = {
			isa = PBXProject;
			attributes = {
				LastSwiftUpdateCheck = 0720;
				LastUpgradeCheck = 0720;
				ORGANIZATIONNAME = "송태양";
				TargetAttributes = {
					ADE1BA2A1C673AF90094FC1A = {
						CreatedOnToolsVersion = 7.2;
						DevelopmentTeam = 5CTG9FBNU3;
					};
					ADE1BA3E1C673AF90094FC1A = {
						CreatedOnToolsVersion = 7.2;
						DevelopmentTeam = 5CTG9FBNU3;
						TestTargetID = ADE1BA2A1C673AF90094FC1A;
					};
					ADE1BA491C673AF90094FC1A = {
						CreatedOnToolsVersion = 7.2;
						DevelopmentTeam = 5CTG9FBNU3;
						TestTargetID = ADE1BA2A1C673AF90094FC1A;
					};
				};
			};
			buildConfigurationList = ADE1BA261C673AF90094FC1A /* Build configuration list for PBXProject "supereye_ios" */;
			compatibilityVersion = "Xcode 3.2";
			developmentRegion = English;
			hasScannedForEncodings = 0;
			knownRegions = (
				en,
				Base,
			);
			mainGroup = ADE1BA221C673AF90094FC1A;
			productRefGroup = ADE1BA2C1C673AF90094FC1A /* Products */;
			projectDirPath = "";
			projectRoot = "";
			targets = (
				ADE1BA2A1C673AF90094FC1A /* supereye_ios */,
				ADE1BA3E1C673AF90094FC1A /* supereye_iosTests */,
				ADE1BA491C673AF90094FC1A /* supereye_iosUITests */,
			);
		};
/* End PBXProject section */

/* Begin PBXResourcesBuildPhase section */
		ADE1BA291C673AF90094FC1A /* Resources */ = {
			isa = PBXResourcesBuildPhase;
			buildActionMask = 2147483647;
			files = (
				AD5C705B1C69C25600C59701 /* CustomOverlayViewController.xib in Resources */,
				ADE1BA391C673AF90094FC1A /* LaunchScreen.storyboard in Resources */,
				ADF057F81C6C9CF300F9624F /* tessdata in Resources */,
				AD84EB851C72F63A00A49CDB /* SpeechRecognizerDefault.strings in Resources */,
				ADE1BA361C673AF90094FC1A /* Assets.xcassets in Resources */,
				AD84EB841C72F63A00A49CDB /* DaumSpeechResources.bundle in Resources */,
				ADE1BA341C673AF90094FC1A /* Main.storyboard in Resources */,
			);
			runOnlyForDeploymentPostprocessing = 0;
		};
		ADE1BA3D1C673AF90094FC1A /* Resources */ = {
			isa = PBXResourcesBuildPhase;
			buildActionMask = 2147483647;
			files = (
			);
			runOnlyForDeploymentPostprocessing = 0;
		};
		ADE1BA481C673AF90094FC1A /* Resources */ = {
			isa = PBXResourcesBuildPhase;
			buildActionMask = 2147483647;
			files = (
			);
			runOnlyForDeploymentPostprocessing = 0;
		};
/* End PBXResourcesBuildPhase section */

/* Begin PBXShellScriptBuildPhase section */
		55228B6882994AA1E2022C3A /* Embed Pods Frameworks */ = {
			isa = PBXShellScriptBuildPhase;
			buildActionMask = 2147483647;
			files = (
			);
			inputPaths = (
			);
			name = "Embed Pods Frameworks";
			outputPaths = (
			);
			runOnlyForDeploymentPostprocessing = 0;
			shellPath = /bin/sh;
			shellScript = "\"${SRCROOT}/Pods/Target Support Files/Pods-supereye_ios/Pods-supereye_ios-frameworks.sh\"\n";
			showEnvVarsInLog = 0;
		};
		D04D370D5B95B305DDEEC46B /* Check Pods Manifest.lock */ = {
			isa = PBXShellScriptBuildPhase;
			buildActionMask = 2147483647;
			files = (
			);
			inputPaths = (
			);
			name = "Check Pods Manifest.lock";
			outputPaths = (
			);
			runOnlyForDeploymentPostprocessing = 0;
			shellPath = /bin/sh;
			shellScript = "diff \"${PODS_ROOT}/../Podfile.lock\" \"${PODS_ROOT}/Manifest.lock\" > /dev/null\nif [[ $? != 0 ]] ; then\n    cat << EOM\nerror: The sandbox is not in sync with the Podfile.lock. Run 'pod install' or update your CocoaPods installation.\nEOM\n    exit 1\nfi\n";
			showEnvVarsInLog = 0;
		};
		FBB93E73AA1B102EBCC51E98 /* Copy Pods Resources */ = {
			isa = PBXShellScriptBuildPhase;
			buildActionMask = 2147483647;
			files = (
			);
			inputPaths = (
			);
			name = "Copy Pods Resources";
			outputPaths = (
			);
			runOnlyForDeploymentPostprocessing = 0;
			shellPath = /bin/sh;
			shellScript = "\"${SRCROOT}/Pods/Target Support Files/Pods-supereye_ios/Pods-supereye_ios-resources.sh\"\n";
			showEnvVarsInLog = 0;
		};
/* End PBXShellScriptBuildPhase section */

/* Begin PBXSourcesBuildPhase section */
		ADE1BA271C673AF90094FC1A /* Sources */ = {
			isa = PBXSourcesBuildPhase;
			buildActionMask = 2147483647;
			files = (
				AD5C705A1C69C25600C59701 /* CustomOverlayViewController.swift in Sources */,
				ADE1BA5F1C673C170094FC1A /* SunViewController.swift in Sources */,
				ADE1BA2F1C673AF90094FC1A /* AppDelegate.swift in Sources */,
				AD5C705D1C69C26A00C59701 /* CustomOverlayView.swift in Sources */,
				ADE1BA611C673C3E0094FC1A /* MainViewController.swift in Sources */,
			);
			runOnlyForDeploymentPostprocessing = 0;
		};
		ADE1BA3B1C673AF90094FC1A /* Sources */ = {
			isa = PBXSourcesBuildPhase;
			buildActionMask = 2147483647;
			files = (
				ADE1BA441C673AF90094FC1A /* supereye_iosTests.swift in Sources */,
			);
			runOnlyForDeploymentPostprocessing = 0;
		};
		ADE1BA461C673AF90094FC1A /* Sources */ = {
			isa = PBXSourcesBuildPhase;
			buildActionMask = 2147483647;
			files = (
				ADE1BA4F1C673AF90094FC1A /* supereye_iosUITests.swift in Sources */,
			);
			runOnlyForDeploymentPostprocessing = 0;
		};
/* End PBXSourcesBuildPhase section */

/* Begin PBXTargetDependency section */
		ADE1BA411C673AF90094FC1A /* PBXTargetDependency */ = {
			isa = PBXTargetDependency;
			target = ADE1BA2A1C673AF90094FC1A /* supereye_ios */;
			targetProxy = ADE1BA401C673AF90094FC1A /* PBXContainerItemProxy */;
		};
		ADE1BA4C1C673AF90094FC1A /* PBXTargetDependency */ = {
			isa = PBXTargetDependency;
			target = ADE1BA2A1C673AF90094FC1A /* supereye_ios */;
			targetProxy = ADE1BA4B1C673AF90094FC1A /* PBXContainerItemProxy */;
		};
/* End PBXTargetDependency section */

/* Begin PBXVariantGroup section */
		ADE1BA321C673AF90094FC1A /* Main.storyboard */ = {
			isa = PBXVariantGroup;
			children = (
				ADE1BA331C673AF90094FC1A /* Base */,
			);
			name = Main.storyboard;
			path = ..;
			sourceTree = "<group>";
		};
		ADE1BA371C673AF90094FC1A /* LaunchScreen.storyboard */ = {
			isa = PBXVariantGroup;
			children = (
				ADE1BA381C673AF90094FC1A /* Base */,
			);
			name = LaunchScreen.storyboard;
			sourceTree = "<group>";
		};
/* End PBXVariantGroup section */

/* Begin XCBuildConfiguration section */
		ADE1BA511C673AF90094FC1A /* Debug */ = {
			isa = XCBuildConfiguration;
			buildSettings = {
				ALWAYS_SEARCH_USER_PATHS = NO;
				CLANG_CXX_LANGUAGE_STANDARD = "gnu++0x";
				CLANG_CXX_LIBRARY = "libc++";
				CLANG_ENABLE_MODULES = YES;
				CLANG_ENABLE_OBJC_ARC = YES;
				CLANG_WARN_BOOL_CONVERSION = YES;
				CLANG_WARN_CONSTANT_CONVERSION = YES;
				CLANG_WARN_DIRECT_OBJC_ISA_USAGE = YES_ERROR;
				CLANG_WARN_EMPTY_BODY = YES;
				CLANG_WARN_ENUM_CONVERSION = YES;
				CLANG_WARN_INT_CONVERSION = YES;
				CLANG_WARN_OBJC_ROOT_CLASS = YES_ERROR;
				CLANG_WARN_UNREACHABLE_CODE = YES;
				CLANG_WARN__DUPLICATE_METHOD_MATCH = YES;
				"CODE_SIGN_IDENTITY[sdk=iphoneos*]" = "iPhone Developer";
				COPY_PHASE_STRIP = NO;
				DEBUG_INFORMATION_FORMAT = dwarf;
				ENABLE_STRICT_OBJC_MSGSEND = YES;
				ENABLE_TESTABILITY = YES;
				GCC_C_LANGUAGE_STANDARD = gnu99;
				GCC_DYNAMIC_NO_PIC = NO;
				GCC_NO_COMMON_BLOCKS = YES;
				GCC_OPTIMIZATION_LEVEL = 0;
				GCC_PREPROCESSOR_DEFINITIONS = (
					"DEBUG=1",
					"$(inherited)",
				);
				GCC_WARN_64_TO_32_BIT_CONVERSION = YES;
				GCC_WARN_ABOUT_RETURN_TYPE = YES_ERROR;
				GCC_WARN_UNDECLARED_SELECTOR = YES;
				GCC_WARN_UNINITIALIZED_AUTOS = YES_AGGRESSIVE;
				GCC_WARN_UNUSED_FUNCTION = YES;
				GCC_WARN_UNUSED_VARIABLE = YES;
				IPHONEOS_DEPLOYMENT_TARGET = 9.2;
				MTL_ENABLE_DEBUG_INFO = YES;
				ONLY_ACTIVE_ARCH = YES;
				SDKROOT = iphoneos;
				SWIFT_OPTIMIZATION_LEVEL = "-Onone";
			};
			name = Debug;
		};
		ADE1BA521C673AF90094FC1A /* Release */ = {
			isa = XCBuildConfiguration;
			buildSettings = {
				ALWAYS_SEARCH_USER_PATHS = NO;
				CLANG_CXX_LANGUAGE_STANDARD = "gnu++0x";
				CLANG_CXX_LIBRARY = "libc++";
				CLANG_ENABLE_MODULES = YES;
				CLANG_ENABLE_OBJC_ARC = YES;
				CLANG_WARN_BOOL_CONVERSION = YES;
				CLANG_WARN_CONSTANT_CONVERSION = YES;
				CLANG_WARN_DIRECT_OBJC_ISA_USAGE = YES_ERROR;
				CLANG_WARN_EMPTY_BODY = YES;
				CLANG_WARN_ENUM_CONVERSION = YES;
				CLANG_WARN_INT_CONVERSION = YES;
				CLANG_WARN_OBJC_ROOT_CLASS = YES_ERROR;
				CLANG_WARN_UNREACHABLE_CODE = YES;
				CLANG_WARN__DUPLICATE_METHOD_MATCH = YES;
				"CODE_SIGN_IDENTITY[sdk=iphoneos*]" = "iPhone Developer";
				COPY_PHASE_STRIP = NO;
				DEBUG_INFORMATION_FORMAT = "dwarf-with-dsym";
				ENABLE_NS_ASSERTIONS = NO;
				ENABLE_STRICT_OBJC_MSGSEND = YES;
				GCC_C_LANGUAGE_STANDARD = gnu99;
				GCC_NO_COMMON_BLOCKS = YES;
				GCC_WARN_64_TO_32_BIT_CONVERSION = YES;
				GCC_WARN_ABOUT_RETURN_TYPE = YES_ERROR;
				GCC_WARN_UNDECLARED_SELECTOR = YES;
				GCC_WARN_UNINITIALIZED_AUTOS = YES_AGGRESSIVE;
				GCC_WARN_UNUSED_FUNCTION = YES;
				GCC_WARN_UNUSED_VARIABLE = YES;
				IPHONEOS_DEPLOYMENT_TARGET = 9.2;
				MTL_ENABLE_DEBUG_INFO = NO;
				SDKROOT = iphoneos;
				VALIDATE_PRODUCT = YES;
			};
			name = Release;
		};
		ADE1BA541C673AF90094FC1A /* Debug */ = {
			isa = XCBuildConfiguration;
			baseConfigurationReference = C3E617E873032D53E29A8561 /* Pods-supereye_ios.debug.xcconfig */;
			buildSettings = {
				ASSETCATALOG_COMPILER_APPICON_NAME = AppIcon;
				CONFIGURATION_BUILD_DIR = "$(BUILD_DIR)/$(CONFIGURATION)$(EFFECTIVE_PLATFORM_NAME)";
				CONFIGURATION_TEMP_DIR = "$(PROJECT_TEMP_DIR)/$(CONFIGURATION)$(EFFECTIVE_PLATFORM_NAME)";
				ENABLE_BITCODE = NO;
				FRAMEWORK_SEARCH_PATHS = (
					"$(inherited)",
					"$(PROJECT_DIR)/supereye_ios/DaumSpeech.embeddedframework",
					"$(PROJECT_DIR)/Pods/DaumSpeech.embeddedframework",
					"$(PROJECT_DIR)/DaumSpeech.embeddedframework",
				);
				INFOPLIST_FILE = supereye_ios/Info.plist;
				LD_RUNPATH_SEARCH_PATHS = "$(inherited) @executable_path/Frameworks";
				LIBRARY_SEARCH_PATHS = (
					"$(PROJECT_DIR)/DaumSpeech.embeddedframework",
					"$(inherited)",
					"$(PROJECT_DIR)/build/Debug-iphoneos",
				);
				PRODUCT_BUNDLE_IDENTIFIER = "com.sun.supereye-ios";
				PRODUCT_NAME = "$(TARGET_NAME)";
				SHARED_PRECOMPS_DIR = "";
				SWIFT_OBJC_BRIDGING_HEADER = "$(PROJECT_NAME)/Supereye-Bridging-Header.h";
			};
			name = Debug;
		};
		ADE1BA551C673AF90094FC1A /* Release */ = {
			isa = XCBuildConfiguration;
			baseConfigurationReference = 3312B628EB4AE1F5D6BC57A5 /* Pods-supereye_ios.release.xcconfig */;
			buildSettings = {
				ASSETCATALOG_COMPILER_APPICON_NAME = AppIcon;
				ENABLE_BITCODE = NO;
				FRAMEWORK_SEARCH_PATHS = (
					"$(inherited)",
					"$(PROJECT_DIR)/supereye_ios/DaumSpeech.embeddedframework",
					"$(PROJECT_DIR)/Pods/DaumSpeech.embeddedframework",
					"$(PROJECT_DIR)/DaumSpeech.embeddedframework",
				);
				INFOPLIST_FILE = supereye_ios/Info.plist;
				LD_RUNPATH_SEARCH_PATHS = "$(inherited) @executable_path/Frameworks";
				LIBRARY_SEARCH_PATHS = (
					"$(PROJECT_DIR)/DaumSpeech.embeddedframework",
					"$(inherited)",
					"$(PROJECT_DIR)/build/Debug-iphoneos",
				);
				PRODUCT_BUNDLE_IDENTIFIER = "com.sun.supereye-ios";
				PRODUCT_NAME = "$(TARGET_NAME)";
				SHARED_PRECOMPS_DIR = "";
				SWIFT_OBJC_BRIDGING_HEADER = "$(PROJECT_NAME)/Supereye-Bridging-Header.h";
			};
			name = Release;
		};
		ADE1BA571C673AF90094FC1A /* Debug */ = {
			isa = XCBuildConfiguration;
			buildSettings = {
				BUNDLE_LOADER = "$(TEST_HOST)";
				INFOPLIST_FILE = supereye_iosTests/Info.plist;
				LD_RUNPATH_SEARCH_PATHS = "$(inherited) @executable_path/Frameworks @loader_path/Frameworks";
				PRODUCT_BUNDLE_IDENTIFIER = "com.sun.supereye-iosTests";
				PRODUCT_NAME = "$(TARGET_NAME)";
				TEST_HOST = "$(BUILT_PRODUCTS_DIR)/supereye_ios.app/supereye_ios";
			};
			name = Debug;
		};
		ADE1BA581C673AF90094FC1A /* Release */ = {
			isa = XCBuildConfiguration;
			buildSettings = {
				BUNDLE_LOADER = "$(TEST_HOST)";
				INFOPLIST_FILE = supereye_iosTests/Info.plist;
				LD_RUNPATH_SEARCH_PATHS = "$(inherited) @executable_path/Frameworks @loader_path/Frameworks";
				PRODUCT_BUNDLE_IDENTIFIER = "com.sun.supereye-iosTests";
				PRODUCT_NAME = "$(TARGET_NAME)";
				TEST_HOST = "$(BUILT_PRODUCTS_DIR)/supereye_ios.app/supereye_ios";
			};
			name = Release;
		};
		ADE1BA5A1C673AF90094FC1A /* Debug */ = {
			isa = XCBuildConfiguration;
			buildSettings = {
				INFOPLIST_FILE = supereye_iosUITests/Info.plist;
				LD_RUNPATH_SEARCH_PATHS = "$(inherited) @executable_path/Frameworks @loader_path/Frameworks";
				PRODUCT_BUNDLE_IDENTIFIER = "com.sun.supereye-iosUITests";
				PRODUCT_NAME = "$(TARGET_NAME)";
				TEST_TARGET_NAME = supereye_ios;
				USES_XCTRUNNER = YES;
			};
			name = Debug;
		};
		ADE1BA5B1C673AF90094FC1A /* Release */ = {
			isa = XCBuildConfiguration;
			buildSettings = {
				INFOPLIST_FILE = supereye_iosUITests/Info.plist;
				LD_RUNPATH_SEARCH_PATHS = "$(inherited) @executable_path/Frameworks @loader_path/Frameworks";
				PRODUCT_BUNDLE_IDENTIFIER = "com.sun.supereye-iosUITests";
				PRODUCT_NAME = "$(TARGET_NAME)";
				TEST_TARGET_NAME = supereye_ios;
				USES_XCTRUNNER = YES;
			};
			name = Release;
		};
/* End XCBuildConfiguration section */

/* Begin XCConfigurationList section */
		ADE1BA261C673AF90094FC1A /* Build configuration list for PBXProject "supereye_ios" */ = {
			isa = XCConfigurationList;
			buildConfigurations = (
				ADE1BA511C673AF90094FC1A /* Debug */,
				ADE1BA521C673AF90094FC1A /* Release */,
			);
			defaultConfigurationIsVisible = 0;
			defaultConfigurationName = Release;
		};
		ADE1BA531C673AF90094FC1A /* Build configuration list for PBXNativeTarget "supereye_ios" */ = {
			isa = XCConfigurationList;
			buildConfigurations = (
				ADE1BA541C673AF90094FC1A /* Debug */,
				ADE1BA551C673AF90094FC1A /* Release */,
			);
			defaultConfigurationIsVisible = 0;
			defaultConfigurationName = Release;
		};
		ADE1BA561C673AF90094FC1A /* Build configuration list for PBXNativeTarget "supereye_iosTests" */ = {
			isa = XCConfigurationList;
			buildConfigurations = (
				ADE1BA571C673AF90094FC1A /* Debug */,
				ADE1BA581C673AF90094FC1A /* Release */,
			);
			defaultConfigurationIsVisible = 0;
			defaultConfigurationName = Release;
		};
		ADE1BA591C673AF90094FC1A /* Build configuration list for PBXNativeTarget "supereye_iosUITests" */ = {
			isa = XCConfigurationList;
			buildConfigurations = (
				ADE1BA5A1C673AF90094FC1A /* Debug */,
				ADE1BA5B1C673AF90094FC1A /* Release */,
			);
			defaultConfigurationIsVisible = 0;
			defaultConfigurationName = Release;
		};
/* End XCConfigurationList section */
	};
	rootObject = ADE1BA231C673AF90094FC1A /* Project object */;
}
